// !$*UTF8*$!
{
	archiveVersion = 1;
	classes = {
	};
	objectVersion = 55;
	objects = {

/* Begin PBXBuildFile section */
		6E04288828363D8200C73F85 /* Playground_AppApp.swift in Sources */ = {isa = PBXBuildFile; fileRef = 6E04288728363D8200C73F85 /* Playground_AppApp.swift */; };
		6E04288A28363D8200C73F85 /* LoginForm.swift in Sources */ = {isa = PBXBuildFile; fileRef = 6E04288928363D8200C73F85 /* LoginForm.swift */; };
		6E04288C28363D8300C73F85 /* Assets.xcassets in Resources */ = {isa = PBXBuildFile; fileRef = 6E04288B28363D8300C73F85 /* Assets.xcassets */; };
		6E04288F28363D8300C73F85 /* Preview Assets.xcassets in Resources */ = {isa = PBXBuildFile; fileRef = 6E04288E28363D8300C73F85 /* Preview Assets.xcassets */; };
		6E0428962836464900C73F85 /* AsyncImageLoading.swift in Sources */ = {isa = PBXBuildFile; fileRef = 6E0428952836464900C73F85 /* AsyncImageLoading.swift */; };
		6E0428982836478100C73F85 /* ScrollableVStack.swift in Sources */ = {isa = PBXBuildFile; fileRef = 6E0428972836478100C73F85 /* ScrollableVStack.swift */; };
		6E385F47283D259B00B2F31B /* HomeView.swift in Sources */ = {isa = PBXBuildFile; fileRef = 6E385F46283D259B00B2F31B /* HomeView.swift */; };
		6E385F49283E26A300B2F31B /* AsyncLet.swift in Sources */ = {isa = PBXBuildFile; fileRef = 6E385F48283E26A300B2F31B /* AsyncLet.swift */; };
		6E55D1E328366FC8005F942E /* AttributedString.swift in Sources */ = {isa = PBXBuildFile; fileRef = 6E55D1E228366FC8005F942E /* AttributedString.swift */; };
		6E55D1E728367872005F942E /* Markdown.swift in Sources */ = {isa = PBXBuildFile; fileRef = 6E55D1E628367872005F942E /* Markdown.swift */; };
		6E55D1EA28378328005F942E /* ConcurrencyView.swift in Sources */ = {isa = PBXBuildFile; fileRef = 6E55D1E928378328005F942E /* ConcurrencyView.swift */; };
		6EB3967F2837987000D054B7 /* AsyncAwaitView 1.0.swift in Sources */ = {isa = PBXBuildFile; fileRef = 6EB3967E2837987000D054B7 /* AsyncAwaitView 1.0.swift */; };
		6EB396872837BDB000D054B7 /* AsyncAwait 2.0.swift in Sources */ = {isa = PBXBuildFile; fileRef = 6EB396862837BDB000D054B7 /* AsyncAwait 2.0.swift */; };
		6EB396892837CD9600D054B7 /* AsyncPlayground.swift in Sources */ = {isa = PBXBuildFile; fileRef = 6EB396882837CD9600D054B7 /* AsyncPlayground.swift */; };
		6EB3968B2837DBBA00D054B7 /* AsyncTaskView.swift in Sources */ = {isa = PBXBuildFile; fileRef = 6EB3968A2837DBBA00D054B7 /* AsyncTaskView.swift */; };
/* End PBXBuildFile section */

/* Begin PBXFileReference section */
		6E04288428363D8200C73F85 /* Playground App.app */ = {isa = PBXFileReference; explicitFileType = wrapper.application; includeInIndex = 0; path = "Playground App.app"; sourceTree = BUILT_PRODUCTS_DIR; };
		6E04288728363D8200C73F85 /* Playground_AppApp.swift */ = {isa = PBXFileReference; lastKnownFileType = sourcecode.swift; path = Playground_AppApp.swift; sourceTree = "<group>"; };
		6E04288928363D8200C73F85 /* LoginForm.swift */ = {isa = PBXFileReference; lastKnownFileType = sourcecode.swift; path = LoginForm.swift; sourceTree = "<group>"; };
		6E04288B28363D8300C73F85 /* Assets.xcassets */ = {isa = PBXFileReference; lastKnownFileType = folder.assetcatalog; path = Assets.xcassets; sourceTree = "<group>"; };
		6E04288E28363D8300C73F85 /* Preview Assets.xcassets */ = {isa = PBXFileReference; lastKnownFileType = folder.assetcatalog; path = "Preview Assets.xcassets"; sourceTree = "<group>"; };
		6E0428952836464900C73F85 /* AsyncImageLoading.swift */ = {isa = PBXFileReference; lastKnownFileType = sourcecode.swift; path = AsyncImageLoading.swift; sourceTree = "<group>"; };
		6E0428972836478100C73F85 /* ScrollableVStack.swift */ = {isa = PBXFileReference; lastKnownFileType = sourcecode.swift; path = ScrollableVStack.swift; sourceTree = "<group>"; };
		6E385F46283D259B00B2F31B /* HomeView.swift */ = {isa = PBXFileReference; lastKnownFileType = sourcecode.swift; path = HomeView.swift; sourceTree = "<group>"; };
		6E385F48283E26A300B2F31B /* AsyncLet.swift */ = {isa = PBXFileReference; lastKnownFileType = sourcecode.swift; path = AsyncLet.swift; sourceTree = "<group>"; };
		6E55D1E228366FC8005F942E /* AttributedString.swift */ = {isa = PBXFileReference; lastKnownFileType = sourcecode.swift; path = AttributedString.swift; sourceTree = "<group>"; };
		6E55D1E628367872005F942E /* Markdown.swift */ = {isa = PBXFileReference; lastKnownFileType = sourcecode.swift; path = Markdown.swift; sourceTree = "<group>"; };
		6E55D1E928378328005F942E /* ConcurrencyView.swift */ = {isa = PBXFileReference; lastKnownFileType = sourcecode.swift; path = ConcurrencyView.swift; sourceTree = "<group>"; };
		6EB3967E2837987000D054B7 /* AsyncAwaitView 1.0.swift */ = {isa = PBXFileReference; lastKnownFileType = sourcecode.swift; path = "AsyncAwaitView 1.0.swift"; sourceTree = "<group>"; };
		6EB396862837BDB000D054B7 /* AsyncAwait 2.0.swift */ = {isa = PBXFileReference; lastKnownFileType = sourcecode.swift; path = "AsyncAwait 2.0.swift"; sourceTree = "<group>"; };
		6EB396882837CD9600D054B7 /* AsyncPlayground.swift */ = {isa = PBXFileReference; lastKnownFileType = sourcecode.swift; path = AsyncPlayground.swift; sourceTree = "<group>"; };
		6EB3968A2837DBBA00D054B7 /* AsyncTaskView.swift */ = {isa = PBXFileReference; lastKnownFileType = sourcecode.swift; path = AsyncTaskView.swift; sourceTree = "<group>"; };
/* End PBXFileReference section */

/* Begin PBXFrameworksBuildPhase section */
		6E04288128363D8200C73F85 /* Frameworks */ = {
			isa = PBXFrameworksBuildPhase;
			buildActionMask = 2147483647;
			files = (
			);
			runOnlyForDeploymentPostprocessing = 0;
		};
/* End PBXFrameworksBuildPhase section */

/* Begin PBXGroup section */
		6E04287B28363D8200C73F85 = {
			isa = PBXGroup;
			children = (
				6E04288628363D8200C73F85 /* Playground App */,
				6E04288528363D8200C73F85 /* Products */,
			);
			sourceTree = "<group>";
		};
		6E04288528363D8200C73F85 /* Products */ = {
			isa = PBXGroup;
			children = (
				6E04288428363D8200C73F85 /* Playground App.app */,
			);
			name = Products;
			sourceTree = "<group>";
		};
		6E04288628363D8200C73F85 /* Playground App */ = {
			isa = PBXGroup;
			children = (
				6E04288728363D8200C73F85 /* Playground_AppApp.swift */,
				6E385F46283D259B00B2F31B /* HomeView.swift */,
				6E0428972836478100C73F85 /* ScrollableVStack.swift */,
				6E04288928363D8200C73F85 /* LoginForm.swift */,
				6E0428952836464900C73F85 /* AsyncImageLoading.swift */,
				6E55D1E228366FC8005F942E /* AttributedString.swift */,
				6E55D1E628367872005F942E /* Markdown.swift */,
				6E55D1E828378302005F942E /* Swift Concurrency */,
				6E04288B28363D8300C73F85 /* Assets.xcassets */,
				6E04288D28363D8300C73F85 /* Preview Content */,
			);
			path = "Playground App";
			sourceTree = "<group>";
		};
		6E04288D28363D8300C73F85 /* Preview Content */ = {
			isa = PBXGroup;
			children = (
				6E04288E28363D8300C73F85 /* Preview Assets.xcassets */,
			);
			path = "Preview Content";
			sourceTree = "<group>";
		};
		6E55D1E828378302005F942E /* Swift Concurrency */ = {
			isa = PBXGroup;
			children = (
				6E55D1E928378328005F942E /* ConcurrencyView.swift */,
				6EB3967E2837987000D054B7 /* AsyncAwaitView 1.0.swift */,
				6EB396862837BDB000D054B7 /* AsyncAwait 2.0.swift */,
				6EB396882837CD9600D054B7 /* AsyncPlayground.swift */,
				6EB3968A2837DBBA00D054B7 /* AsyncTaskView.swift */,
				6E385F48283E26A300B2F31B /* AsyncLet.swift */,
			);
			path = "Swift Concurrency";
			sourceTree = "<group>";
		};
/* End PBXGroup section */

/* Begin PBXNativeTarget section */
		6E04288328363D8200C73F85 /* Playground App */ = {
			isa = PBXNativeTarget;
			buildConfigurationList = 6E04289228363D8300C73F85 /* Build configuration list for PBXNativeTarget "Playground App" */;
			buildPhases = (
				6E04288028363D8200C73F85 /* Sources */,
				6E04288128363D8200C73F85 /* Frameworks */,
				6E04288228363D8200C73F85 /* Resources */,
			);
			buildRules = (
			);
			dependencies = (
			);
			name = "Playground App";
			productName = "Playground App";
			productReference = 6E04288428363D8200C73F85 /* Playground App.app */;
			productType = "com.apple.product-type.application";
		};
/* End PBXNativeTarget section */

/* Begin PBXProject section */
		6E04287C28363D8200C73F85 /* Project object */ = {
			isa = PBXProject;
			attributes = {
				BuildIndependentTargetsInParallel = 1;
				LastSwiftUpdateCheck = 1330;
				LastUpgradeCheck = 1330;
				TargetAttributes = {
					6E04288328363D8200C73F85 = {
						CreatedOnToolsVersion = 13.3;
					};
				};
			};
			buildConfigurationList = 6E04287F28363D8200C73F85 /* Build configuration list for PBXProject "Playground App" */;
			compatibilityVersion = "Xcode 13.0";
			developmentRegion = en;
			hasScannedForEncodings = 0;
			knownRegions = (
				en,
				Base,
			);
			mainGroup = 6E04287B28363D8200C73F85;
			productRefGroup = 6E04288528363D8200C73F85 /* Products */;
			projectDirPath = "";
			projectRoot = "";
			targets = (
				6E04288328363D8200C73F85 /* Playground App */,
			);
		};
/* End PBXProject section */

/* Begin PBXResourcesBuildPhase section */
		6E04288228363D8200C73F85 /* Resources */ = {
			isa = PBXResourcesBuildPhase;
			buildActionMask = 2147483647;
			files = (
				6E04288F28363D8300C73F85 /* Preview Assets.xcassets in Resources */,
				6E04288C28363D8300C73F85 /* Assets.xcassets in Resources */,
			);
			runOnlyForDeploymentPostprocessing = 0;
		};
/* End PBXResourcesBuildPhase section */

/* Begin PBXSourcesBuildPhase section */
		6E04288028363D8200C73F85 /* Sources */ = {
			isa = PBXSourcesBuildPhase;
			buildActionMask = 2147483647;
			files = (
				6E0428982836478100C73F85 /* ScrollableVStack.swift in Sources */,
				6EB396892837CD9600D054B7 /* AsyncPlayground.swift in Sources */,
				6E04288A28363D8200C73F85 /* LoginForm.swift in Sources */,
				6E55D1EA28378328005F942E /* ConcurrencyView.swift in Sources */,
				6E55D1E328366FC8005F942E /* AttributedString.swift in Sources */,
				6E0428962836464900C73F85 /* AsyncImageLoading.swift in Sources */,
				6E55D1E728367872005F942E /* Markdown.swift in Sources */,
				6EB396872837BDB000D054B7 /* AsyncAwait 2.0.swift in Sources */,
				6EB3967F2837987000D054B7 /* AsyncAwaitView 1.0.swift in Sources */,
				6E385F47283D259B00B2F31B /* HomeView.swift in Sources */,
				6E385F49283E26A300B2F31B /* AsyncLet.swift in Sources */,
				6EB3968B2837DBBA00D054B7 /* AsyncTaskView.swift in Sources */,
				6E04288828363D8200C73F85 /* Playground_AppApp.swift in Sources */,
			);
			runOnlyForDeploymentPostprocessing = 0;
		};
/* End PBXSourcesBuildPhase section */

/* Begin XCBuildConfiguration section */
		6E04289028363D8300C73F85 /* Debug */ = {
			isa = XCBuildConfiguration;
			buildSettings = {
				ALWAYS_SEARCH_USER_PATHS = NO;
				CLANG_ANALYZER_NONNULL = YES;
				CLANG_ANALYZER_NUMBER_OBJECT_CONVERSION = YES_AGGRESSIVE;
				CLANG_CXX_LANGUAGE_STANDARD = "gnu++17";
				CLANG_ENABLE_MODULES = YES;
				CLANG_ENABLE_OBJC_ARC = YES;
				CLANG_ENABLE_OBJC_WEAK = YES;
				CLANG_WARN_BLOCK_CAPTURE_AUTORELEASING = YES;
				CLANG_WARN_BOOL_CONVERSION = YES;
				CLANG_WARN_COMMA = YES;
				CLANG_WARN_CONSTANT_CONVERSION = YES;
				CLANG_WARN_DEPRECATED_OBJC_IMPLEMENTATIONS = YES;
				CLANG_WARN_DIRECT_OBJC_ISA_USAGE = YES_ERROR;
				CLANG_WARN_DOCUMENTATION_COMMENTS = YES;
				CLANG_WARN_EMPTY_BODY = YES;
				CLANG_WARN_ENUM_CONVERSION = YES;
				CLANG_WARN_INFINITE_RECURSION = YES;
				CLANG_WARN_INT_CONVERSION = YES;
				CLANG_WARN_NON_LITERAL_NULL_CONVERSION = YES;
				CLANG_WARN_OBJC_IMPLICIT_RETAIN_SELF = YES;
				CLANG_WARN_OBJC_LITERAL_CONVERSION = YES;
				CLANG_WARN_OBJC_ROOT_CLASS = YES_ERROR;
				CLANG_WARN_QUOTED_INCLUDE_IN_FRAMEWORK_HEADER = YES;
				CLANG_WARN_RANGE_LOOP_ANALYSIS = YES;
				CLANG_WARN_STRICT_PROTOTYPES = YES;
				CLANG_WARN_SUSPICIOUS_MOVE = YES;
				CLANG_WARN_UNGUARDED_AVAILABILITY = YES_AGGRESSIVE;
				CLANG_WARN_UNREACHABLE_CODE = YES;
				CLANG_WARN__DUPLICATE_METHOD_MATCH = YES;
				COPY_PHASE_STRIP = NO;
				DEBUG_INFORMATION_FORMAT = dwarf;
				ENABLE_STRICT_OBJC_MSGSEND = YES;
				ENABLE_TESTABILITY = YES;
				GCC_C_LANGUAGE_STANDARD = gnu11;
				GCC_DYNAMIC_NO_PIC = NO;
				GCC_NO_COMMON_BLOCKS = YES;
				GCC_OPTIMIZATION_LEVEL = 0;
				GCC_PREPROCESSOR_DEFINITIONS = (
					"DEBUG=1",
					"$(inherited)",
				);
				GCC_WARN_64_TO_32_BIT_CONVERSION = YES;
				GCC_WARN_ABOUT_RETURN_TYPE = YES_ERROR;
				GCC_WARN_UNDECLARED_SELECTOR = YES;
				GCC_WARN_UNINITIALIZED_AUTOS = YES_AGGRESSIVE;
				GCC_WARN_UNUSED_FUNCTION = YES;
				GCC_WARN_UNUSED_VARIABLE = YES;
				IPHONEOS_DEPLOYMENT_TARGET = 15.4;
				MTL_ENABLE_DEBUG_INFO = INCLUDE_SOURCE;
				MTL_FAST_MATH = YES;
				ONLY_ACTIVE_ARCH = YES;
				SDKROOT = iphoneos;
				SWIFT_ACTIVE_COMPILATION_CONDITIONS = DEBUG;
				SWIFT_OPTIMIZATION_LEVEL = "-Onone";
			};
			name = Debug;
		};
		6E04289128363D8300C73F85 /* Release */ = {
			isa = XCBuildConfiguration;
			buildSettings = {
				ALWAYS_SEARCH_USER_PATHS = NO;
				CLANG_ANALYZER_NONNULL = YES;
				CLANG_ANALYZER_NUMBER_OBJECT_CONVERSION = YES_AGGRESSIVE;
				CLANG_CXX_LANGUAGE_STANDARD = "gnu++17";
				CLANG_ENABLE_MODULES = YES;
				CLANG_ENABLE_OBJC_ARC = YES;
				CLANG_ENABLE_OBJC_WEAK = YES;
				CLANG_WARN_BLOCK_CAPTURE_AUTORELEASING = YES;
				CLANG_WARN_BOOL_CONVERSION = YES;
				CLANG_WARN_COMMA = YES;
				CLANG_WARN_CONSTANT_CONVERSION = YES;
				CLANG_WARN_DEPRECATED_OBJC_IMPLEMENTATIONS = YES;
				CLANG_WARN_DIRECT_OBJC_ISA_USAGE = YES_ERROR;
				CLANG_WARN_DOCUMENTATION_COMMENTS = YES;
				CLANG_WARN_EMPTY_BODY = YES;
				CLANG_WARN_ENUM_CONVERSION = YES;
				CLANG_WARN_INFINITE_RECURSION = YES;
				CLANG_WARN_INT_CONVERSION = YES;
				CLANG_WARN_NON_LITERAL_NULL_CONVERSION = YES;
				CLANG_WARN_OBJC_IMPLICIT_RETAIN_SELF = YES;
				CLANG_WARN_OBJC_LITERAL_CONVERSION = YES;
				CLANG_WARN_OBJC_ROOT_CLASS = YES_ERROR;
				CLANG_WARN_QUOTED_INCLUDE_IN_FRAMEWORK_HEADER = YES;
				CLANG_WARN_RANGE_LOOP_ANALYSIS = YES;
				CLANG_WARN_STRICT_PROTOTYPES = YES;
				CLANG_WARN_SUSPICIOUS_MOVE = YES;
				CLANG_WARN_UNGUARDED_AVAILABILITY = YES_AGGRESSIVE;
				CLANG_WARN_UNREACHABLE_CODE = YES;
				CLANG_WARN__DUPLICATE_METHOD_MATCH = YES;
				COPY_PHASE_STRIP = NO;
				DEBUG_INFORMATION_FORMAT = "dwarf-with-dsym";
				ENABLE_NS_ASSERTIONS = NO;
				ENABLE_STRICT_OBJC_MSGSEND = YES;
				GCC_C_LANGUAGE_STANDARD = gnu11;
				GCC_NO_COMMON_BLOCKS = YES;
				GCC_WARN_64_TO_32_BIT_CONVERSION = YES;
				GCC_WARN_ABOUT_RETURN_TYPE = YES_ERROR;
				GCC_WARN_UNDECLARED_SELECTOR = YES;
				GCC_WARN_UNINITIALIZED_AUTOS = YES_AGGRESSIVE;
				GCC_WARN_UNUSED_FUNCTION = YES;
				GCC_WARN_UNUSED_VARIABLE = YES;
				IPHONEOS_DEPLOYMENT_TARGET = 15.4;
				MTL_ENABLE_DEBUG_INFO = NO;
				MTL_FAST_MATH = YES;
				SDKROOT = iphoneos;
				SWIFT_COMPILATION_MODE = wholemodule;
				SWIFT_OPTIMIZATION_LEVEL = "-O";
				VALIDATE_PRODUCT = YES;
			};
			name = Release;
		};
		6E04289328363D8300C73F85 /* Debug */ = {
			isa = XCBuildConfiguration;
			buildSettings = {
				ASSETCATALOG_COMPILER_APPICON_NAME = AppIcon;
				ASSETCATALOG_COMPILER_GLOBAL_ACCENT_COLOR_NAME = AccentColor;
				CODE_SIGN_STYLE = Automatic;
				CURRENT_PROJECT_VERSION = 1;
				DEVELOPMENT_ASSET_PATHS = "\"Playground App/Preview Content\"";
				DEVELOPMENT_TEAM = 7VT5H6VPXH;
				ENABLE_PREVIEWS = YES;
				GENERATE_INFOPLIST_FILE = YES;
				INFOPLIST_KEY_UIApplicationSceneManifest_Generation = YES;
				INFOPLIST_KEY_UIApplicationSupportsIndirectInputEvents = YES;
				INFOPLIST_KEY_UILaunchScreen_Generation = YES;
				INFOPLIST_KEY_UISupportedInterfaceOrientations_iPad = "UIInterfaceOrientationPortrait UIInterfaceOrientationPortraitUpsideDown UIInterfaceOrientationLandscapeLeft UIInterfaceOrientationLandscapeRight";
				INFOPLIST_KEY_UISupportedInterfaceOrientations_iPhone = "UIInterfaceOrientationPortrait UIInterfaceOrientationLandscapeLeft UIInterfaceOrientationLandscapeRight";
				LD_RUNPATH_SEARCH_PATHS = (
					"$(inherited)",
					"@executable_path/Frameworks",
				);
				MARKETING_VERSION = 1.0;
				PRODUCT_BUNDLE_IDENTIFIER = "com.example.Playground-App";
				PRODUCT_NAME = "$(TARGET_NAME)";
				SWIFT_EMIT_LOC_STRINGS = YES;
				SWIFT_VERSION = 5.0;
				TARGETED_DEVICE_FAMILY = "1,2";
			};
			name = Debug;
		};
		6E04289428363D8300C73F85 /* Release */ = {
			isa = XCBuildConfiguration;
			buildSettings = {
				ASSETCATALOG_COMPILER_APPICON_NAME = AppIcon;
				ASSETCATALOG_COMPILER_GLOBAL_ACCENT_COLOR_NAME = AccentColor;
				CODE_SIGN_STYLE = Automatic;
				CURRENT_PROJECT_VERSION = 1;
				DEVELOPMENT_ASSET_PATHS = "\"Playground App/Preview Content\"";
				DEVELOPMENT_TEAM = 7VT5H6VPXH;
				ENABLE_PREVIEWS = YES;
				GENERATE_INFOPLIST_FILE = YES;
				INFOPLIST_KEY_UIApplicationSceneManifest_Generation = YES;
				INFOPLIST_KEY_UIApplicationSupportsIndirectInputEvents = YES;
				INFOPLIST_KEY_UILaunchScreen_Generation = YES;
				INFOPLIST_KEY_UISupportedInterfaceOrientations_iPad = "UIInterfaceOrientationPortrait UIInterfaceOrientationPortraitUpsideDown UIInterfaceOrientationLandscapeLeft UIInterfaceOrientationLandscapeRight";
				INFOPLIST_KEY_UISupportedInterfaceOrientations_iPhone = "UIInterfaceOrientationPortrait UIInterfaceOrientationLandscapeLeft UIInterfaceOrientationLandscapeRight";
				LD_RUNPATH_SEARCH_PATHS = (
					"$(inherited)",
					"@executable_path/Frameworks",
				);
				MARKETING_VERSION = 1.0;
				PRODUCT_BUNDLE_IDENTIFIER = "com.example.Playground-App";
				PRODUCT_NAME = "$(TARGET_NAME)";
				SWIFT_EMIT_LOC_STRINGS = YES;
				SWIFT_VERSION = 5.0;
				TARGETED_DEVICE_FAMILY = "1,2";
			};
			name = Release;
		};
/* End XCBuildConfiguration section */

/* Begin XCConfigurationList section */
		6E04287F28363D8200C73F85 /* Build configuration list for PBXProject "Playground App" */ = {
			isa = XCConfigurationList;
			buildConfigurations = (
				6E04289028363D8300C73F85 /* Debug */,
				6E04289128363D8300C73F85 /* Release */,
			);
			defaultConfigurationIsVisible = 0;
			defaultConfigurationName = Release;
		};
		6E04289228363D8300C73F85 /* Build configuration list for PBXNativeTarget "Playground App" */ = {
			isa = XCConfigurationList;
			buildConfigurations = (
				6E04289328363D8300C73F85 /* Debug */,
				6E04289428363D8300C73F85 /* Release */,
			);
			defaultConfigurationIsVisible = 0;
			defaultConfigurationName = Release;
		};
/* End XCConfigurationList section */
	};
	rootObject = 6E04287C28363D8200C73F85 /* Project object */;
}
